
Microsoft Visual Studio Solution File, Format Version 12.00
# Visual Studio Version 17
VisualStudioVersion = 17.0.31903.59
MinimumVisualStudioVersion = 10.0.40219.1
Project("{9A19103F-16F7-4668-BE54-9A1E7A4F7556}") = "labs_1_2_3_4_5_6_8", "labs_1_2_3_4_5_6_8\labs_1_2_3_4_5_6_8.csproj", "{3A914467-E326-49F6-A26E-7E2C3FA21161}"
EndProject
Project("{9A19103F-16F7-4668-BE54-9A1E7A4F7556}") = "labs_7_9_10", "labs_7_9_10\labs_7_9_10.csproj", "{FCE0863F-BBAE-437E-8909-A476F04153FE}"
EndProject
Project("{9A19103F-16F7-4668-BE54-9A1E7A4F7556}") = "GraphicLibrary", "GraphicLibrary\GraphicLibrary.csproj", "{73C6392B-8ADA-437D-B74A-F97AB0BC5A2F}"
EndProject
Project("{9A19103F-16F7-4668-BE54-9A1E7A4F7556}") = "GraphicLibraryTests", "GraphicLibraryTests\GraphicLibraryTests.csproj", "{476E5A1C-F5D9-491B-ADF1-A35A9117ACF4}"
EndProject
Project("{9A19103F-16F7-4668-BE54-9A1E7A4F7556}") = "geom_lab1", "geom_lab1\geom_lab1.csproj", "{3D54AC51-AA3F-41F3-9F41-A4016331FE5B}"
EndProject
Project("{9A19103F-16F7-4668-BE54-9A1E7A4F7556}") = "InteractiveLibrary", "GamingLibrary\InteractiveLibrary.csproj", "{58496EEA-C82A-4C72-B180-BC8072B02F6D}"
EndProject
Project("{9A19103F-16F7-4668-BE54-9A1E7A4F7556}") = "geom_lab2", "geom_lab2\geom_lab2.csproj", "{4368A183-ED85-4D38-A971-693F45FB759F}"
EndProject
Project("{9A19103F-16F7-4668-BE54-9A1E7A4F7556}") = "geom_lab3", "geom_lab3\geom_lab3.csproj", "{6E17A854-1880-48F4-AD4C-E14A58182A4A}"
EndProject
Project("{9A19103F-16F7-4668-BE54-9A1E7A4F7556}") = "FastTestConsoleApp", "FastTestConsoleApp\FastTestConsoleApp.csproj", "{FF8C8681-0F19-48D6-84AB-8E3DA0744048}"
EndProject
Project("{9A19103F-16F7-4668-BE54-9A1E7A4F7556}") = "coursework", "coursework\coursework.csproj", "{57FDBDC5-6D23-45A9-8DB6-3C0E928F727F}"
EndProject
Project("{FAE04EC0-301F-11D3-BF4B-00C04F79EFBC}") = "geom_lab1_18", "geom_lab1_18\geom_lab1_18.csproj", "{B4B1B2DB-0984-4C7C-8F64-8F5C79969232}"
EndProject
Global
	GlobalSection(SolutionConfigurationPlatforms) = preSolution
		Debug|Any CPU = Debug|Any CPU
		Release|Any CPU = Release|Any CPU
	EndGlobalSection
	GlobalSection(ProjectConfigurationPlatforms) = postSolution
		{3A914467-E326-49F6-A26E-7E2C3FA21161}.Debug|Any CPU.ActiveCfg = Debug|Any CPU
		{3A914467-E326-49F6-A26E-7E2C3FA21161}.Debug|Any CPU.Build.0 = Debug|Any CPU
		{3A914467-E326-49F6-A26E-7E2C3FA21161}.Release|Any CPU.ActiveCfg = Release|Any CPU
		{3A914467-E326-49F6-A26E-7E2C3FA21161}.Release|Any CPU.Build.0 = Release|Any CPU
		{FCE0863F-BBAE-437E-8909-A476F04153FE}.Debug|Any CPU.ActiveCfg = Debug|Any CPU
		{FCE0863F-BBAE-437E-8909-A476F04153FE}.Debug|Any CPU.Build.0 = Debug|Any CPU
		{FCE0863F-BBAE-437E-8909-A476F04153FE}.Release|Any CPU.ActiveCfg = Release|Any CPU
		{FCE0863F-BBAE-437E-8909-A476F04153FE}.Release|Any CPU.Build.0 = Release|Any CPU
		{73C6392B-8ADA-437D-B74A-F97AB0BC5A2F}.Debug|Any CPU.ActiveCfg = Debug|Any CPU
		{73C6392B-8ADA-437D-B74A-F97AB0BC5A2F}.Debug|Any CPU.Build.0 = Debug|Any CPU
		{73C6392B-8ADA-437D-B74A-F97AB0BC5A2F}.Release|Any CPU.ActiveCfg = Release|Any CPU
		{73C6392B-8ADA-437D-B74A-F97AB0BC5A2F}.Release|Any CPU.Build.0 = Release|Any CPU
		{476E5A1C-F5D9-491B-ADF1-A35A9117ACF4}.Debug|Any CPU.ActiveCfg = Debug|Any CPU
		{476E5A1C-F5D9-491B-ADF1-A35A9117ACF4}.Debug|Any CPU.Build.0 = Debug|Any CPU
		{476E5A1C-F5D9-491B-ADF1-A35A9117ACF4}.Release|Any CPU.ActiveCfg = Release|Any CPU
		{476E5A1C-F5D9-491B-ADF1-A35A9117ACF4}.Release|Any CPU.Build.0 = Release|Any CPU
		{3D54AC51-AA3F-41F3-9F41-A4016331FE5B}.Debug|Any CPU.ActiveCfg = Debug|Any CPU
		{3D54AC51-AA3F-41F3-9F41-A4016331FE5B}.Debug|Any CPU.Build.0 = Debug|Any CPU
		{3D54AC51-AA3F-41F3-9F41-A4016331FE5B}.Release|Any CPU.ActiveCfg = Release|Any CPU
		{3D54AC51-AA3F-41F3-9F41-A4016331FE5B}.Release|Any CPU.Build.0 = Release|Any CPU
		{58496EEA-C82A-4C72-B180-BC8072B02F6D}.Debug|Any CPU.ActiveCfg = Debug|Any CPU
		{58496EEA-C82A-4C72-B180-BC8072B02F6D}.Debug|Any CPU.Build.0 = Debug|Any CPU
		{58496EEA-C82A-4C72-B180-BC8072B02F6D}.Release|Any CPU.ActiveCfg = Release|Any CPU
		{58496EEA-C82A-4C72-B180-BC8072B02F6D}.Release|Any CPU.Build.0 = Release|Any CPU
		{4368A183-ED85-4D38-A971-693F45FB759F}.Debug|Any CPU.ActiveCfg = Debug|Any CPU
		{4368A183-ED85-4D38-A971-693F45FB759F}.Debug|Any CPU.Build.0 = Debug|Any CPU
		{4368A183-ED85-4D38-A971-693F45FB759F}.Release|Any CPU.ActiveCfg = Release|Any CPU
		{4368A183-ED85-4D38-A971-693F45FB759F}.Release|Any CPU.Build.0 = Release|Any CPU
		{6E17A854-1880-48F4-AD4C-E14A58182A4A}.Debug|Any CPU.ActiveCfg = Debug|Any CPU
		{6E17A854-1880-48F4-AD4C-E14A58182A4A}.Debug|Any CPU.Build.0 = Debug|Any CPU
		{6E17A854-1880-48F4-AD4C-E14A58182A4A}.Release|Any CPU.ActiveCfg = Release|Any CPU
		{6E17A854-1880-48F4-AD4C-E14A58182A4A}.Release|Any CPU.Build.0 = Release|Any CPU
		{FF8C8681-0F19-48D6-84AB-8E3DA0744048}.Debug|Any CPU.ActiveCfg = Debug|Any CPU
		{FF8C8681-0F19-48D6-84AB-8E3DA0744048}.Debug|Any CPU.Build.0 = Debug|Any CPU
		{FF8C8681-0F19-48D6-84AB-8E3DA0744048}.Release|Any CPU.ActiveCfg = Release|Any CPU
		{FF8C8681-0F19-48D6-84AB-8E3DA0744048}.Release|Any CPU.Build.0 = Release|Any CPU
		{57FDBDC5-6D23-45A9-8DB6-3C0E928F727F}.Debug|Any CPU.ActiveCfg = Debug|Any CPU
		{57FDBDC5-6D23-45A9-8DB6-3C0E928F727F}.Debug|Any CPU.Build.0 = Debug|Any CPU
		{57FDBDC5-6D23-45A9-8DB6-3C0E928F727F}.Release|Any CPU.ActiveCfg = Release|Any CPU
		{57FDBDC5-6D23-45A9-8DB6-3C0E928F727F}.Release|Any CPU.Build.0 = Release|Any CPU
		{B4B1B2DB-0984-4C7C-8F64-8F5C79969232}.Debug|Any CPU.ActiveCfg = Debug|Any CPU
		{B4B1B2DB-0984-4C7C-8F64-8F5C79969232}.Debug|Any CPU.Build.0 = Debug|Any CPU
		{B4B1B2DB-0984-4C7C-8F64-8F5C79969232}.Release|Any CPU.ActiveCfg = Release|Any CPU
		{B4B1B2DB-0984-4C7C-8F64-8F5C79969232}.Release|Any CPU.Build.0 = Release|Any CPU
	EndGlobalSection
	GlobalSection(SolutionProperties) = preSolution
		HideSolutionNode = FALSE
	EndGlobalSection
	GlobalSection(ExtensibilityGlobals) = postSolution
		SolutionGuid = {BB0EB2C5-FD2F-4065-A660-3CA038205C77}
	EndGlobalSection
EndGlobal
